
Microsoft Visual Studio Solution File, Format Version 12.00
Project("{FAE04EC0-301F-11D3-BF4B-00C04F79EFBC}") = "HappyHeadlines", "HappyHeadlines\HappyHeadlines.csproj", "{6AF79F06-E5B2-4D7F-A378-C18DA87381EC}"
EndProject
Project("{FAE04EC0-301F-11D3-BF4B-00C04F79EFBC}") = "Core", "Core\Core.csproj", "{4F2D7615-10A0-4034-B07C-830C2BDC1032}"
EndProject
Project("{FAE04EC0-301F-11D3-BF4B-00C04F79EFBC}") = "Application", "Application\Application.csproj", "{EACA2B3B-A623-4EA8-83E0-9F219E7951D9}"
EndProject
Project("{FAE04EC0-301F-11D3-BF4B-00C04F79EFBC}") = "Infrastructure", "Infrastructure\Infrastructure.csproj", "{F4E6D4DA-46D9-4463-B9F8-2336DDD1AB37}"
EndProject
Global
	GlobalSection(SolutionConfigurationPlatforms) = preSolution
		Debug|Any CPU = Debug|Any CPU
		Release|Any CPU = Release|Any CPU
	EndGlobalSection
	GlobalSection(ProjectConfigurationPlatforms) = postSolution
		{6AF79F06-E5B2-4D7F-A378-C18DA87381EC}.Debug|Any CPU.ActiveCfg = Debug|Any CPU
		{6AF79F06-E5B2-4D7F-A378-C18DA87381EC}.Debug|Any CPU.Build.0 = Debug|Any CPU
		{6AF79F06-E5B2-4D7F-A378-C18DA87381EC}.Release|Any CPU.ActiveCfg = Release|Any CPU
		{6AF79F06-E5B2-4D7F-A378-C18DA87381EC}.Release|Any CPU.Build.0 = Release|Any CPU
		{4F2D7615-10A0-4034-B07C-830C2BDC1032}.Debug|Any CPU.ActiveCfg = Debug|Any CPU
		{4F2D7615-10A0-4034-B07C-830C2BDC1032}.Debug|Any CPU.Build.0 = Debug|Any CPU
		{4F2D7615-10A0-4034-B07C-830C2BDC1032}.Release|Any CPU.ActiveCfg = Release|Any CPU
		{4F2D7615-10A0-4034-B07C-830C2BDC1032}.Release|Any CPU.Build.0 = Release|Any CPU
		{EACA2B3B-A623-4EA8-83E0-9F219E7951D9}.Debug|Any CPU.ActiveCfg = Debug|Any CPU
		{EACA2B3B-A623-4EA8-83E0-9F219E7951D9}.Debug|Any CPU.Build.0 = Debug|Any CPU
		{EACA2B3B-A623-4EA8-83E0-9F219E7951D9}.Release|Any CPU.ActiveCfg = Release|Any CPU
		{EACA2B3B-A623-4EA8-83E0-9F219E7951D9}.Release|Any CPU.Build.0 = Release|Any CPU
		{F4E6D4DA-46D9-4463-B9F8-2336DDD1AB37}.Debug|Any CPU.ActiveCfg = Debug|Any CPU
		{F4E6D4DA-46D9-4463-B9F8-2336DDD1AB37}.Debug|Any CPU.Build.0 = Debug|Any CPU
		{F4E6D4DA-46D9-4463-B9F8-2336DDD1AB37}.Release|Any CPU.ActiveCfg = Release|Any CPU
		{F4E6D4DA-46D9-4463-B9F8-2336DDD1AB37}.Release|Any CPU.Build.0 = Release|Any CPU
	EndGlobalSection
EndGlobal
